// !$*UTF8*$!
{
	archiveVersion = 1;
	classes = {
	};
	objectVersion = 46;
	objects = {

/* Begin PBXBuildFile section */
		38CFD926A1F61BAB7E9E7F63 /* Pods_Token.framework in Frameworks */ = {isa = PBXBuildFile; fileRef = 350DA84BAE5AC4950152F121 /* Pods_Token.framework */; settings = {ATTRIBUTES = (Required, ); }; };
		963B8FD6226C0CA100862B74 /* SwiftyRecordButton.swift in Sources */ = {isa = PBXBuildFile; fileRef = 963B8FD5226C0CA100862B74 /* SwiftyRecordButton.swift */; };
		9651FF2A226EA0AB00118523 /* PageViewController.swift in Sources */ = {isa = PBXBuildFile; fileRef = 9651FF29226EA0AB00118523 /* PageViewController.swift */; };
		9651FF2C226EAB3F00118523 /* PreviewViewController.swift in Sources */ = {isa = PBXBuildFile; fileRef = 9651FF2B226EAB3F00118523 /* PreviewViewController.swift */; };
		9658E5FF22702101008B2C08 /* TokenCell.swift in Sources */ = {isa = PBXBuildFile; fileRef = 9658E5FE22702101008B2C08 /* TokenCell.swift */; };
		9658E60122702E4B008B2C08 /* TokenHeader.swift in Sources */ = {isa = PBXBuildFile; fileRef = 9658E60022702E4B008B2C08 /* TokenHeader.swift */; };
		9692728522710CD200510F78 /* TokenFooter.swift in Sources */ = {isa = PBXBuildFile; fileRef = 9692728422710CD200510F78 /* TokenFooter.swift */; };
		96A1F3CF22692F46006F463E /* MainApp.storyboard in Resources */ = {isa = PBXBuildFile; fileRef = 96A1F3CE22692F46006F463E /* MainApp.storyboard */; };
		96E40E1A226D251700706919 /* Constants.swift in Sources */ = {isa = PBXBuildFile; fileRef = 96E40E19226D251700706919 /* Constants.swift */; };
		96E40E1C226D2B4300706919 /* PreviewVideoViewController.swift in Sources */ = {isa = PBXBuildFile; fileRef = 96E40E1B226D2B4300706919 /* PreviewVideoViewController.swift */; };
		B418A69E2266B49500C39444 /* ProfileViewController.swift in Sources */ = {isa = PBXBuildFile; fileRef = B418A69D2266B49500C39444 /* ProfileViewController.swift */; };
		B418A6A22267893C00C39444 /* Start.storyboard in Resources */ = {isa = PBXBuildFile; fileRef = B418A6A12267893C00C39444 /* Start.storyboard */; };
		B418A6A42267935200C39444 /* StartViewController.swift in Sources */ = {isa = PBXBuildFile; fileRef = B418A6A32267935200C39444 /* StartViewController.swift */; };
		B418A6AB2267B8D800C39444 /* CreateTripViewController.swift in Sources */ = {isa = PBXBuildFile; fileRef = B418A6AA2267B8D800C39444 /* CreateTripViewController.swift */; };
		B418A6B0226B138100C39444 /* PreviewPhotoViewController.swift in Sources */ = {isa = PBXBuildFile; fileRef = B418A6AF226B138100C39444 /* PreviewPhotoViewController.swift */; };
		B41C42C42266685400E2EEE6 /* MediaTrips.xcassets in Resources */ = {isa = PBXBuildFile; fileRef = B41C42C32266685400E2EEE6 /* MediaTrips.xcassets */; };
		B42B6A36226040BC00BD42E0 /* PhotoCaptureDelegate.swift in Sources */ = {isa = PBXBuildFile; fileRef = B42B6A2E226040BC00BD42E0 /* PhotoCaptureDelegate.swift */; };
		B42B6A39226040BC00BD42E0 /* PreviewView.swift in Sources */ = {isa = PBXBuildFile; fileRef = B42B6A31226040BC00BD42E0 /* PreviewView.swift */; };
		B42B6A3A226040BC00BD42E0 /* TokenCameraViewController.swift in Sources */ = {isa = PBXBuildFile; fileRef = B42B6A32226040BC00BD42E0 /* TokenCameraViewController.swift */; };
		B42B6A3C226040BC00BD42E0 /* AppDelegate.swift in Sources */ = {isa = PBXBuildFile; fileRef = B42B6A34226040BC00BD42E0 /* AppDelegate.swift */; };
		B42B6A3D226040BC00BD42E0 /* CameraViewController.swift in Sources */ = {isa = PBXBuildFile; fileRef = B42B6A35226040BC00BD42E0 /* CameraViewController.swift */; };
		B453506522629D6F00AC23AD /* User.swift in Sources */ = {isa = PBXBuildFile; fileRef = B453506422629D6F00AC23AD /* User.swift */; };
		B46A6521226D2F6600B1ABAA /* Cells.swift in Sources */ = {isa = PBXBuildFile; fileRef = B46A6520226D2F6600B1ABAA /* Cells.swift */; };
		B46D6845226E37E300FB5FF8 /* FeedViewController.swift in Sources */ = {isa = PBXBuildFile; fileRef = B46D6844226E37E200FB5FF8 /* FeedViewController.swift */; };
		B47FABF022613E7900B326B3 /* LoginViewController.swift in Sources */ = {isa = PBXBuildFile; fileRef = B47FABEF22613E7900B326B3 /* LoginViewController.swift */; };
		B47FABF222614A6F00B326B3 /* AuthenticationService.swift in Sources */ = {isa = PBXBuildFile; fileRef = B47FABF122614A6F00B326B3 /* AuthenticationService.swift */; };
		B47FABF42262739100B326B3 /* DatabaseService.swift in Sources */ = {isa = PBXBuildFile; fileRef = B47FABF32262739000B326B3 /* DatabaseService.swift */; };
		B47FABF62262961900B326B3 /* UsersViewController.swift in Sources */ = {isa = PBXBuildFile; fileRef = B47FABF52262961800B326B3 /* UsersViewController.swift */; };
		B47FABF82262971100B326B3 /* CustomizedUserCell.swift in Sources */ = {isa = PBXBuildFile; fileRef = B47FABF72262971100B326B3 /* CustomizedUserCell.swift */; };
		B48644CF226F04E600235E96 /* HighlightsCell.swift in Sources */ = {isa = PBXBuildFile; fileRef = B48644CE226F04E600235E96 /* HighlightsCell.swift */; };
		B48644D1226F051300235E96 /* UsersCell.swift in Sources */ = {isa = PBXBuildFile; fileRef = B48644D0226F051300235E96 /* UsersCell.swift */; };
		B4DD8FC322662E76001269DA /* SelectTripsViewController.swift in Sources */ = {isa = PBXBuildFile; fileRef = B4DD8FC222662E76001269DA /* SelectTripsViewController.swift */; };
		B4F561C62260601300257491 /* Main.storyboard in Resources */ = {isa = PBXBuildFile; fileRef = B42E1F2C2260533D00EDE85D /* Main.storyboard */; };
		B4F561C82260631100257491 /* GoogleService-Info.plist in Resources */ = {isa = PBXBuildFile; fileRef = B4F561C72260631100257491 /* GoogleService-Info.plist */; };
		B4F561CA226064D300257491 /* Assets.xcassets in Resources */ = {isa = PBXBuildFile; fileRef = B4CB977E22603F6100DC4917 /* Assets.xcassets */; };
		B4F561CE2261347400257491 /* CustomizedTextField.swift in Sources */ = {isa = PBXBuildFile; fileRef = B4F561CD2261347400257491 /* CustomizedTextField.swift */; };
/* End PBXBuildFile section */

/* Begin PBXFileReference section */
		25640DF025640BF000000001 /* SampleCode.xcconfig */ = {isa = PBXFileReference; lastKnownFileType = text.xcconfig; name = SampleCode.xcconfig; path = ../Configuration/SampleCode.xcconfig; sourceTree = "<group>"; };
		2762AA502762AA1000000001 /* LICENSE.txt */ = {isa = PBXFileReference; includeInIndex = 1; lastKnownFileType = text; path = LICENSE.txt; sourceTree = "<group>"; };
		350DA84BAE5AC4950152F121 /* Pods_Token.framework */ = {isa = PBXFileReference; explicitFileType = wrapper.framework; includeInIndex = 0; path = Pods_Token.framework; sourceTree = BUILT_PRODUCTS_DIR; };
		76AC85BC218785DD00DB92D2 /* README.md */ = {isa = PBXFileReference; fileEncoding = 4; lastKnownFileType = net.daringfireball.markdown; name = README.md; path = ../README.md; sourceTree = "<group>"; };
		7AA677111CFF765600B353FB /* Token.app */ = {isa = PBXFileReference; explicitFileType = wrapper.application; includeInIndex = 0; path = Token.app; sourceTree = BUILT_PRODUCTS_DIR; };
		963B8FD5226C0CA100862B74 /* SwiftyRecordButton.swift */ = {isa = PBXFileReference; lastKnownFileType = sourcecode.swift; path = SwiftyRecordButton.swift; sourceTree = "<group>"; };
		9651FF29226EA0AB00118523 /* PageViewController.swift */ = {isa = PBXFileReference; lastKnownFileType = sourcecode.swift; path = PageViewController.swift; sourceTree = "<group>"; };
		9651FF2B226EAB3F00118523 /* PreviewViewController.swift */ = {isa = PBXFileReference; lastKnownFileType = sourcecode.swift; path = PreviewViewController.swift; sourceTree = "<group>"; };
		9658E5FE22702101008B2C08 /* TokenCell.swift */ = {isa = PBXFileReference; lastKnownFileType = sourcecode.swift; path = TokenCell.swift; sourceTree = "<group>"; };
		9658E60022702E4B008B2C08 /* TokenHeader.swift */ = {isa = PBXFileReference; lastKnownFileType = sourcecode.swift; path = TokenHeader.swift; sourceTree = "<group>"; };
		9692728422710CD200510F78 /* TokenFooter.swift */ = {isa = PBXFileReference; lastKnownFileType = sourcecode.swift; path = TokenFooter.swift; sourceTree = "<group>"; };
		96A1F3CE22692F46006F463E /* MainApp.storyboard */ = {isa = PBXFileReference; fileEncoding = 4; lastKnownFileType = file.storyboard; path = MainApp.storyboard; sourceTree = "<group>"; };
		96E40E19226D251700706919 /* Constants.swift */ = {isa = PBXFileReference; lastKnownFileType = sourcecode.swift; path = Constants.swift; sourceTree = "<group>"; };
		96E40E1B226D2B4300706919 /* PreviewVideoViewController.swift */ = {isa = PBXFileReference; lastKnownFileType = sourcecode.swift; path = PreviewVideoViewController.swift; sourceTree = "<group>"; };
		AE305C0B008EE39D6642D3F9 /* Pods-Token.debug.xcconfig */ = {isa = PBXFileReference; includeInIndex = 1; lastKnownFileType = text.xcconfig; name = "Pods-Token.debug.xcconfig"; path = "Target Support Files/Pods-Token/Pods-Token.debug.xcconfig"; sourceTree = "<group>"; };
		AEE2E03196DB7E7C9A3AA632 /* Pods-Token.release.xcconfig */ = {isa = PBXFileReference; includeInIndex = 1; lastKnownFileType = text.xcconfig; name = "Pods-Token.release.xcconfig"; path = "Target Support Files/Pods-Token/Pods-Token.release.xcconfig"; sourceTree = "<group>"; };
		B418A69D2266B49500C39444 /* ProfileViewController.swift */ = {isa = PBXFileReference; lastKnownFileType = sourcecode.swift; path = ProfileViewController.swift; sourceTree = "<group>"; };
		B418A6A12267893C00C39444 /* Start.storyboard */ = {isa = PBXFileReference; lastKnownFileType = file.storyboard; path = Start.storyboard; sourceTree = "<group>"; };
		B418A6A32267935200C39444 /* StartViewController.swift */ = {isa = PBXFileReference; lastKnownFileType = sourcecode.swift; path = StartViewController.swift; sourceTree = "<group>"; };
		B418A6AA2267B8D800C39444 /* CreateTripViewController.swift */ = {isa = PBXFileReference; lastKnownFileType = sourcecode.swift; path = CreateTripViewController.swift; sourceTree = "<group>"; };
		B418A6AF226B138100C39444 /* PreviewPhotoViewController.swift */ = {isa = PBXFileReference; lastKnownFileType = sourcecode.swift; path = PreviewPhotoViewController.swift; sourceTree = "<group>"; };
		B41C42C32266685400E2EEE6 /* MediaTrips.xcassets */ = {isa = PBXFileReference; lastKnownFileType = folder.assetcatalog; path = MediaTrips.xcassets; sourceTree = "<group>"; };
		B42B6A2E226040BC00BD42E0 /* PhotoCaptureDelegate.swift */ = {isa = PBXFileReference; fileEncoding = 4; lastKnownFileType = sourcecode.swift; name = PhotoCaptureDelegate.swift; path = "Token-iOS/PhotoCaptureDelegate.swift"; sourceTree = SOURCE_ROOT; };
		B42B6A30226040BC00BD42E0 /* Info.plist */ = {isa = PBXFileReference; fileEncoding = 4; lastKnownFileType = text.plist.xml; name = Info.plist; path = "Token-iOS/Info.plist"; sourceTree = SOURCE_ROOT; };
		B42B6A31226040BC00BD42E0 /* PreviewView.swift */ = {isa = PBXFileReference; fileEncoding = 4; lastKnownFileType = sourcecode.swift; name = PreviewView.swift; path = "Token-iOS/PreviewView.swift"; sourceTree = SOURCE_ROOT; };
		B42B6A32226040BC00BD42E0 /* TokenCameraViewController.swift */ = {isa = PBXFileReference; fileEncoding = 4; lastKnownFileType = sourcecode.swift; name = TokenCameraViewController.swift; path = "Token/View Controllers/TokenCameraViewController.swift"; sourceTree = SOURCE_ROOT; };
		B42B6A34226040BC00BD42E0 /* AppDelegate.swift */ = {isa = PBXFileReference; fileEncoding = 4; lastKnownFileType = sourcecode.swift; name = AppDelegate.swift; path = "Token-iOS/AppDelegate.swift"; sourceTree = SOURCE_ROOT; };
		B42B6A35226040BC00BD42E0 /* CameraViewController.swift */ = {isa = PBXFileReference; fileEncoding = 4; lastKnownFileType = sourcecode.swift; name = CameraViewController.swift; path = "Token/View Controllers/CameraViewController.swift"; sourceTree = SOURCE_ROOT; };
		B42E1F2B2260533D00EDE85D /* Base */ = {isa = PBXFileReference; lastKnownFileType = file.storyboard; name = Base; path = "Token-iOS/Base.lproj/LaunchScreen.storyboard"; sourceTree = SOURCE_ROOT; };
		B42E1F2D2260533D00EDE85D /* Base */ = {isa = PBXFileReference; lastKnownFileType = file.storyboard; name = Base; path = "Token-iOS/Base.lproj/Main.storyboard"; sourceTree = SOURCE_ROOT; };
		B453506422629D6F00AC23AD /* User.swift */ = {isa = PBXFileReference; lastKnownFileType = sourcecode.swift; path = User.swift; sourceTree = "<group>"; };
		B46A6520226D2F6600B1ABAA /* Cells.swift */ = {isa = PBXFileReference; lastKnownFileType = sourcecode.swift; path = Cells.swift; sourceTree = "<group>"; };
		B46D6844226E37E200FB5FF8 /* FeedViewController.swift */ = {isa = PBXFileReference; lastKnownFileType = sourcecode.swift; path = FeedViewController.swift; sourceTree = "<group>"; };
		B47FABEF22613E7900B326B3 /* LoginViewController.swift */ = {isa = PBXFileReference; lastKnownFileType = sourcecode.swift; path = LoginViewController.swift; sourceTree = "<group>"; };
		B47FABF122614A6F00B326B3 /* AuthenticationService.swift */ = {isa = PBXFileReference; lastKnownFileType = sourcecode.swift; name = AuthenticationService.swift; path = ../Services/AuthenticationService.swift; sourceTree = "<group>"; };
		B47FABF32262739000B326B3 /* DatabaseService.swift */ = {isa = PBXFileReference; lastKnownFileType = sourcecode.swift; name = DatabaseService.swift; path = ../Services/DatabaseService.swift; sourceTree = "<group>"; };
		B47FABF52262961800B326B3 /* UsersViewController.swift */ = {isa = PBXFileReference; lastKnownFileType = sourcecode.swift; path = UsersViewController.swift; sourceTree = "<group>"; };
		B47FABF72262971100B326B3 /* CustomizedUserCell.swift */ = {isa = PBXFileReference; lastKnownFileType = sourcecode.swift; path = CustomizedUserCell.swift; sourceTree = "<group>"; };
		B48644CE226F04E600235E96 /* HighlightsCell.swift */ = {isa = PBXFileReference; lastKnownFileType = sourcecode.swift; path = HighlightsCell.swift; sourceTree = "<group>"; };
		B48644D0226F051300235E96 /* UsersCell.swift */ = {isa = PBXFileReference; lastKnownFileType = sourcecode.swift; path = UsersCell.swift; sourceTree = "<group>"; };
		B4CB977E22603F6100DC4917 /* Assets.xcassets */ = {isa = PBXFileReference; lastKnownFileType = folder.assetcatalog; name = Assets.xcassets; path = "Token-iOS/Assets.xcassets"; sourceTree = SOURCE_ROOT; };
		B4DD8FC222662E76001269DA /* SelectTripsViewController.swift */ = {isa = PBXFileReference; lastKnownFileType = sourcecode.swift; path = SelectTripsViewController.swift; sourceTree = "<group>"; };
		B4F561C72260631100257491 /* GoogleService-Info.plist */ = {isa = PBXFileReference; fileEncoding = 4; lastKnownFileType = text.plist.xml; path = "GoogleService-Info.plist"; sourceTree = "<group>"; };
		B4F561CD2261347400257491 /* CustomizedTextField.swift */ = {isa = PBXFileReference; lastKnownFileType = sourcecode.swift; path = CustomizedTextField.swift; sourceTree = "<group>"; };
/* End PBXFileReference section */

/* Begin PBXFrameworksBuildPhase section */
		7AA6770E1CFF765500B353FB /* Frameworks */ = {
			isa = PBXFrameworksBuildPhase;
			buildActionMask = 2147483647;
			files = (
				38CFD926A1F61BAB7E9E7F63 /* Pods_Token.framework in Frameworks */,
			);
			runOnlyForDeploymentPostprocessing = 0;
		};
/* End PBXFrameworksBuildPhase section */

/* Begin PBXGroup section */
		2563FCD02563FC9000000001 /* Configuration */ = {
			isa = PBXGroup;
			children = (
				25640DF025640BF000000001 /* SampleCode.xcconfig */,
			);
			name = Configuration;
			sourceTree = "<group>";
		};
		27629270276291C000000001 /* LICENSE */ = {
			isa = PBXGroup;
			children = (
				2762AA502762AA1000000001 /* LICENSE.txt */,
			);
			name = LICENSE;
			path = ../LICENSE;
			sourceTree = "<group>";
		};
		2B7ABFD234FA2ECDB00F2AC8 /* Pods */ = {
			isa = PBXGroup;
			children = (
				AE305C0B008EE39D6642D3F9 /* Pods-Token.debug.xcconfig */,
				AEE2E03196DB7E7C9A3AA632 /* Pods-Token.release.xcconfig */,
			);
			path = Pods;
			sourceTree = "<group>";
		};
		513455EA1F457536BEF99E6A /* Frameworks */ = {
			isa = PBXGroup;
			children = (
				350DA84BAE5AC4950152F121 /* Pods_Token.framework */,
			);
			name = Frameworks;
			sourceTree = "<group>";
		};
		7AA677081CFF765500B353FB = {
			isa = PBXGroup;
			children = (
				76AC85BC218785DD00DB92D2 /* README.md */,
				B42E1F30226054CB00EDE85D /* Storyboards */,
				7AA677131CFF765600B353FB /* Token */,
				7AA677121CFF765600B353FB /* Products */,
				2563FCD02563FC9000000001 /* Configuration */,
				27629270276291C000000001 /* LICENSE */,
				2B7ABFD234FA2ECDB00F2AC8 /* Pods */,
				513455EA1F457536BEF99E6A /* Frameworks */,
			);
			sourceTree = "<group>";
		};
		7AA677121CFF765600B353FB /* Products */ = {
			isa = PBXGroup;
			children = (
				7AA677111CFF765600B353FB /* Token.app */,
			);
			name = Products;
			sourceTree = "<group>";
		};
		7AA677131CFF765600B353FB /* Token */ = {
			isa = PBXGroup;
			children = (
				B42B6A30226040BC00BD42E0 /* Info.plist */,
				B4F561C72260631100257491 /* GoogleService-Info.plist */,
				B46A651E226D2F3400B1ABAA /* Views */,
				B4CB977E22603F6100DC4917 /* Assets.xcassets */,
				B41C42C32266685400E2EEE6 /* MediaTrips.xcassets */,
				B46A6526226D5B0600B1ABAA /* Apple's Docs */,
				B4EAE979226519FD00874980 /* View Controllers */,
				B4EAE97A22651A5A00874980 /* Services */,
				B4EAE97B22651AA100874980 /* Customized Fields */,
				B42B6A34226040BC00BD42E0 /* AppDelegate.swift */,
				B4EAE97D22651B2C00874980 /* Token Objects */,
			);
			path = Token;
			sourceTree = "<group>";
		};
		B42E1F30226054CB00EDE85D /* Storyboards */ = {
			isa = PBXGroup;
			children = (
				96A1F3CE22692F46006F463E /* MainApp.storyboard */,
				B42E1F2A2260533D00EDE85D /* LaunchScreen.storyboard */,
				B42E1F2C2260533D00EDE85D /* Main.storyboard */,
				B418A6A12267893C00C39444 /* Start.storyboard */,
			);
			path = Storyboards;
			sourceTree = "<group>";
		};
		B46A651E226D2F3400B1ABAA /* Views */ = {
			isa = PBXGroup;
			children = (
				963B8FD5226C0CA100862B74 /* SwiftyRecordButton.swift */,
				B46A6520226D2F6600B1ABAA /* Cells.swift */,
				B48644CE226F04E600235E96 /* HighlightsCell.swift */,
				B48644D0226F051300235E96 /* UsersCell.swift */,
				9658E5FE22702101008B2C08 /* TokenCell.swift */,
				9658E60022702E4B008B2C08 /* TokenHeader.swift */,
				9692728422710CD200510F78 /* TokenFooter.swift */,
			);
			path = Views;
			sourceTree = "<group>";
		};
		B46A6526226D5B0600B1ABAA /* Apple's Docs */ = {
			isa = PBXGroup;
			children = (
				B42B6A35226040BC00BD42E0 /* CameraViewController.swift */,
				B42B6A2E226040BC00BD42E0 /* PhotoCaptureDelegate.swift */,
				B42B6A31226040BC00BD42E0 /* PreviewView.swift */,
			);
			path = "Apple's Docs";
			sourceTree = "<group>";
		};
		B4EAE979226519FD00874980 /* View Controllers */ = {
			isa = PBXGroup;
			children = (
				B418A6A32267935200C39444 /* StartViewController.swift */,
				B418A6AA2267B8D800C39444 /* CreateTripViewController.swift */,
				B42B6A32226040BC00BD42E0 /* TokenCameraViewController.swift */,
				9651FF2B226EAB3F00118523 /* PreviewViewController.swift */,
				B418A6AF226B138100C39444 /* PreviewPhotoViewController.swift */,
				96E40E1B226D2B4300706919 /* PreviewVideoViewController.swift */,
				B47FABF52262961800B326B3 /* UsersViewController.swift */,
				B4DD8FC222662E76001269DA /* SelectTripsViewController.swift */,
				B418A69D2266B49500C39444 /* ProfileViewController.swift */,
				B47FABEF22613E7900B326B3 /* LoginViewController.swift */,
				96E40E19226D251700706919 /* Constants.swift */,
				B46D6844226E37E200FB5FF8 /* FeedViewController.swift */,
				9651FF29226EA0AB00118523 /* PageViewController.swift */,
			);
			path = "View Controllers";
			sourceTree = "<group>";
		};
		B4EAE97A22651A5A00874980 /* Services */ = {
			isa = PBXGroup;
			children = (
				B47FABF122614A6F00B326B3 /* AuthenticationService.swift */,
				B47FABF32262739000B326B3 /* DatabaseService.swift */,
			);
			path = Services;
			sourceTree = "<group>";
		};
		B4EAE97B22651AA100874980 /* Customized Fields */ = {
			isa = PBXGroup;
			children = (
				B4F561CD2261347400257491 /* CustomizedTextField.swift */,
				B47FABF72262971100B326B3 /* CustomizedUserCell.swift */,
			);
			path = "Customized Fields";
			sourceTree = "<group>";
		};
		B4EAE97D22651B2C00874980 /* Token Objects */ = {
			isa = PBXGroup;
			children = (
				B453506422629D6F00AC23AD /* User.swift */,
			);
			path = "Token Objects";
			sourceTree = "<group>";
		};
/* End PBXGroup section */

/* Begin PBXNativeTarget section */
		7AA677101CFF765500B353FB /* Token */ = {
			isa = PBXNativeTarget;
			buildConfigurationList = 7AA677231CFF765600B353FB /* Build configuration list for PBXNativeTarget "Token" */;
			buildPhases = (
				0F38DF371152E1909DE5103F /* [CP] Check Pods Manifest.lock */,
				7AA6770D1CFF765500B353FB /* Sources */,
				7AA6770E1CFF765500B353FB /* Frameworks */,
				7AA6770F1CFF765500B353FB /* Resources */,
				E078AC5EF35F3DD6626CF0B0 /* [CP] Embed Pods Frameworks */,
			);
			buildRules = (
			);
			dependencies = (
			);
			name = Token;
			productName = AVCam;
			productReference = 7AA677111CFF765600B353FB /* Token.app */;
			productType = "com.apple.product-type.application";
		};
/* End PBXNativeTarget section */

/* Begin PBXProject section */
		7AA677091CFF765500B353FB /* Project object */ = {
			isa = PBXProject;
			attributes = {
				LastSwiftUpdateCheck = 0800;
				LastUpgradeCheck = 1020;
				ORGANIZATIONNAME = Apple;
				TargetAttributes = {
					7AA677101CFF765500B353FB = {
						CreatedOnToolsVersion = 8.0;
						DevelopmentTeam = FF5U9PUXAT;
						LastSwiftMigration = 1020;
						ProvisioningStyle = Automatic;
					};
				};
			};
			buildConfigurationList = 7AA6770C1CFF765500B353FB /* Build configuration list for PBXProject "Token-iOS" */;
			compatibilityVersion = "Xcode 3.2";
			developmentRegion = en;
			hasScannedForEncodings = 0;
			knownRegions = (
				en,
				Base,
			);
			mainGroup = 7AA677081CFF765500B353FB;
			productRefGroup = 7AA677121CFF765600B353FB /* Products */;
			projectDirPath = "";
			projectRoot = "";
			targets = (
				7AA677101CFF765500B353FB /* Token */,
			);
		};
/* End PBXProject section */

/* Begin PBXResourcesBuildPhase section */
		7AA6770F1CFF765500B353FB /* Resources */ = {
			isa = PBXResourcesBuildPhase;
			buildActionMask = 2147483647;
			files = (
				B4F561CA226064D300257491 /* Assets.xcassets in Resources */,
				B41C42C42266685400E2EEE6 /* MediaTrips.xcassets in Resources */,
				B4F561C62260601300257491 /* Main.storyboard in Resources */,
				B4F561C82260631100257491 /* GoogleService-Info.plist in Resources */,
				96A1F3CF22692F46006F463E /* MainApp.storyboard in Resources */,
				B418A6A22267893C00C39444 /* Start.storyboard in Resources */,
			);
			runOnlyForDeploymentPostprocessing = 0;
		};
/* End PBXResourcesBuildPhase section */

/* Begin PBXShellScriptBuildPhase section */
		0F38DF371152E1909DE5103F /* [CP] Check Pods Manifest.lock */ = {
			isa = PBXShellScriptBuildPhase;
			buildActionMask = 2147483647;
			files = (
			);
			inputFileListPaths = (
			);
			inputPaths = (
				"${PODS_PODFILE_DIR_PATH}/Podfile.lock",
				"${PODS_ROOT}/Manifest.lock",
			);
			name = "[CP] Check Pods Manifest.lock";
			outputFileListPaths = (
			);
			outputPaths = (
				"$(DERIVED_FILE_DIR)/Pods-Token-checkManifestLockResult.txt",
			);
			runOnlyForDeploymentPostprocessing = 0;
			shellPath = /bin/sh;
			shellScript = "diff \"${PODS_PODFILE_DIR_PATH}/Podfile.lock\" \"${PODS_ROOT}/Manifest.lock\" > /dev/null\nif [ $? != 0 ] ; then\n    # print error to STDERR\n    echo \"error: The sandbox is not in sync with the Podfile.lock. Run 'pod install' or update your CocoaPods installation.\" >&2\n    exit 1\nfi\n# This output is used by Xcode 'outputs' to avoid re-running this script phase.\necho \"SUCCESS\" > \"${SCRIPT_OUTPUT_FILE_0}\"\n";
			showEnvVarsInLog = 0;
		};
		E078AC5EF35F3DD6626CF0B0 /* [CP] Embed Pods Frameworks */ = {
			isa = PBXShellScriptBuildPhase;
			buildActionMask = 2147483647;
			files = (
			);
			inputFileListPaths = (
			);
			inputPaths = (
				"${PODS_ROOT}/Target Support Files/Pods-Token/Pods-Token-frameworks.sh",
				"${BUILT_PRODUCTS_DIR}/GTMSessionFetcher/GTMSessionFetcher.framework",
				"${BUILT_PRODUCTS_DIR}/GoogleUtilities/GoogleUtilities.framework",
				"${BUILT_PRODUCTS_DIR}/LBTAComponents/LBTAComponents.framework",
				"${BUILT_PRODUCTS_DIR}/SwiftyCam/SwiftyCam.framework",
				"${BUILT_PRODUCTS_DIR}/leveldb-library/leveldb.framework",
				"${BUILT_PRODUCTS_DIR}/nanopb/nanopb.framework",
				"${BUILT_PRODUCTS_DIR}/paper-onboarding/paper_onboarding.framework",
			);
			name = "[CP] Embed Pods Frameworks";
			outputFileListPaths = (
			);
			outputPaths = (
				"${TARGET_BUILD_DIR}/${FRAMEWORKS_FOLDER_PATH}/GTMSessionFetcher.framework",
				"${TARGET_BUILD_DIR}/${FRAMEWORKS_FOLDER_PATH}/GoogleUtilities.framework",
				"${TARGET_BUILD_DIR}/${FRAMEWORKS_FOLDER_PATH}/LBTAComponents.framework",
				"${TARGET_BUILD_DIR}/${FRAMEWORKS_FOLDER_PATH}/SwiftyCam.framework",
				"${TARGET_BUILD_DIR}/${FRAMEWORKS_FOLDER_PATH}/leveldb.framework",
				"${TARGET_BUILD_DIR}/${FRAMEWORKS_FOLDER_PATH}/nanopb.framework",
				"${TARGET_BUILD_DIR}/${FRAMEWORKS_FOLDER_PATH}/paper_onboarding.framework",
			);
			runOnlyForDeploymentPostprocessing = 0;
			shellPath = /bin/sh;
			shellScript = "\"${PODS_ROOT}/Target Support Files/Pods-Token/Pods-Token-frameworks.sh\"\n";
			showEnvVarsInLog = 0;
		};
/* End PBXShellScriptBuildPhase section */

/* Begin PBXSourcesBuildPhase section */
		7AA6770D1CFF765500B353FB /* Sources */ = {
			isa = PBXSourcesBuildPhase;
			buildActionMask = 2147483647;
			files = (
				B46D6845226E37E300FB5FF8 /* FeedViewController.swift in Sources */,
				963B8FD6226C0CA100862B74 /* SwiftyRecordButton.swift in Sources */,
				B48644CF226F04E600235E96 /* HighlightsCell.swift in Sources */,
				B47FABF42262739100B326B3 /* DatabaseService.swift in Sources */,
				B418A6A42267935200C39444 /* StartViewController.swift in Sources */,
				9651FF2C226EAB3F00118523 /* PreviewViewController.swift in Sources */,
				B47FABF022613E7900B326B3 /* LoginViewController.swift in Sources */,
				9692728522710CD200510F78 /* TokenFooter.swift in Sources */,
				B47FABF82262971100B326B3 /* CustomizedUserCell.swift in Sources */,
				B42B6A3C226040BC00BD42E0 /* AppDelegate.swift in Sources */,
				B42B6A3D226040BC00BD42E0 /* CameraViewController.swift in Sources */,
				9658E60122702E4B008B2C08 /* TokenHeader.swift in Sources */,
				96E40E1C226D2B4300706919 /* PreviewVideoViewController.swift in Sources */,
				B42B6A3A226040BC00BD42E0 /* TokenCameraViewController.swift in Sources */,
				B42B6A36226040BC00BD42E0 /* PhotoCaptureDelegate.swift in Sources */,
				9651FF2A226EA0AB00118523 /* PageViewController.swift in Sources */,
				B48644D1226F051300235E96 /* UsersCell.swift in Sources */,
				9658E5FF22702101008B2C08 /* TokenCell.swift in Sources */,
				B4F561CE2261347400257491 /* CustomizedTextField.swift in Sources */,
				96E40E1A226D251700706919 /* Constants.swift in Sources */,
				B418A6B0226B138100C39444 /* PreviewPhotoViewController.swift in Sources */,
				B453506522629D6F00AC23AD /* User.swift in Sources */,
				B4DD8FC322662E76001269DA /* SelectTripsViewController.swift in Sources */,
				B47FABF62262961900B326B3 /* UsersViewController.swift in Sources */,
				B42B6A39226040BC00BD42E0 /* PreviewView.swift in Sources */,
				B418A69E2266B49500C39444 /* ProfileViewController.swift in Sources */,
				B46A6521226D2F6600B1ABAA /* Cells.swift in Sources */,
				B47FABF222614A6F00B326B3 /* AuthenticationService.swift in Sources */,
				B418A6AB2267B8D800C39444 /* CreateTripViewController.swift in Sources */,
			);
			runOnlyForDeploymentPostprocessing = 0;
		};
/* End PBXSourcesBuildPhase section */

/* Begin PBXVariantGroup section */
		B42E1F2A2260533D00EDE85D /* LaunchScreen.storyboard */ = {
			isa = PBXVariantGroup;
			children = (
				B42E1F2B2260533D00EDE85D /* Base */,
			);
			name = LaunchScreen.storyboard;
			sourceTree = "<group>";
		};
		B42E1F2C2260533D00EDE85D /* Main.storyboard */ = {
			isa = PBXVariantGroup;
			children = (
				B42E1F2D2260533D00EDE85D /* Base */,
			);
			name = Main.storyboard;
			sourceTree = "<group>";
		};
/* End PBXVariantGroup section */

/* Begin XCBuildConfiguration section */
		7AA677211CFF765600B353FB /* Debug */ = {
			isa = XCBuildConfiguration;
			buildSettings = {
				ALWAYS_SEARCH_USER_PATHS = NO;
				CLANG_ANALYZER_LOCALIZABILITY_NONLOCALIZED = YES;
				CLANG_ANALYZER_NONNULL = YES;
				CLANG_CXX_LANGUAGE_STANDARD = "gnu++0x";
				CLANG_CXX_LIBRARY = "libc++";
				CLANG_ENABLE_MODULES = YES;
				CLANG_ENABLE_OBJC_ARC = YES;
				CLANG_WARN_BLOCK_CAPTURE_AUTORELEASING = YES;
				CLANG_WARN_BOOL_CONVERSION = YES;
				CLANG_WARN_COMMA = YES;
				CLANG_WARN_CONSTANT_CONVERSION = YES;
				CLANG_WARN_DEPRECATED_OBJC_IMPLEMENTATIONS = YES;
				CLANG_WARN_DIRECT_OBJC_ISA_USAGE = YES_ERROR;
				CLANG_WARN_DOCUMENTATION_COMMENTS = YES;
				CLANG_WARN_EMPTY_BODY = YES;
				CLANG_WARN_ENUM_CONVERSION = YES;
				CLANG_WARN_INFINITE_RECURSION = YES;
				CLANG_WARN_INT_CONVERSION = YES;
				CLANG_WARN_NON_LITERAL_NULL_CONVERSION = YES;
				CLANG_WARN_OBJC_IMPLICIT_RETAIN_SELF = YES;
				CLANG_WARN_OBJC_LITERAL_CONVERSION = YES;
				CLANG_WARN_OBJC_ROOT_CLASS = YES_ERROR;
				CLANG_WARN_RANGE_LOOP_ANALYSIS = YES;
				CLANG_WARN_STRICT_PROTOTYPES = YES;
				CLANG_WARN_SUSPICIOUS_MOVE = YES;
				CLANG_WARN_UNREACHABLE_CODE = YES;
				CLANG_WARN__DUPLICATE_METHOD_MATCH = YES;
				"CODE_SIGN_IDENTITY[sdk=iphoneos*]" = "iPhone Developer";
				COPY_PHASE_STRIP = NO;
				DEBUG_INFORMATION_FORMAT = dwarf;
				ENABLE_STRICT_OBJC_MSGSEND = YES;
				ENABLE_TESTABILITY = YES;
				GCC_C_LANGUAGE_STANDARD = gnu99;
				GCC_DYNAMIC_NO_PIC = NO;
				GCC_NO_COMMON_BLOCKS = YES;
				GCC_OPTIMIZATION_LEVEL = 0;
				GCC_PREPROCESSOR_DEFINITIONS = (
					"DEBUG=1",
					"$(inherited)",
				);
				GCC_WARN_64_TO_32_BIT_CONVERSION = YES;
				GCC_WARN_ABOUT_RETURN_TYPE = YES_ERROR;
				GCC_WARN_UNDECLARED_SELECTOR = YES;
				GCC_WARN_UNINITIALIZED_AUTOS = YES_AGGRESSIVE;
				GCC_WARN_UNUSED_FUNCTION = YES;
				GCC_WARN_UNUSED_VARIABLE = YES;
				IPHONEOS_DEPLOYMENT_TARGET = 12.0;
				MTL_ENABLE_DEBUG_INFO = YES;
				ONLY_ACTIVE_ARCH = YES;
				SDKROOT = iphoneos;
				SWIFT_ACTIVE_COMPILATION_CONDITIONS = DEBUG;
				SWIFT_OPTIMIZATION_LEVEL = "-Onone";
				SWIFT_VERSION = 4.2;
				TARGETED_DEVICE_FAMILY = "1,2";
			};
			name = Debug;
		};
		7AA677221CFF765600B353FB /* Release */ = {
			isa = XCBuildConfiguration;
			buildSettings = {
				ALWAYS_SEARCH_USER_PATHS = NO;
				CLANG_ANALYZER_LOCALIZABILITY_NONLOCALIZED = YES;
				CLANG_ANALYZER_NONNULL = YES;
				CLANG_CXX_LANGUAGE_STANDARD = "gnu++0x";
				CLANG_CXX_LIBRARY = "libc++";
				CLANG_ENABLE_MODULES = YES;
				CLANG_ENABLE_OBJC_ARC = YES;
				CLANG_WARN_BLOCK_CAPTURE_AUTORELEASING = YES;
				CLANG_WARN_BOOL_CONVERSION = YES;
				CLANG_WARN_COMMA = YES;
				CLANG_WARN_CONSTANT_CONVERSION = YES;
				CLANG_WARN_DEPRECATED_OBJC_IMPLEMENTATIONS = YES;
				CLANG_WARN_DIRECT_OBJC_ISA_USAGE = YES_ERROR;
				CLANG_WARN_DOCUMENTATION_COMMENTS = YES;
				CLANG_WARN_EMPTY_BODY = YES;
				CLANG_WARN_ENUM_CONVERSION = YES;
				CLANG_WARN_INFINITE_RECURSION = YES;
				CLANG_WARN_INT_CONVERSION = YES;
				CLANG_WARN_NON_LITERAL_NULL_CONVERSION = YES;
				CLANG_WARN_OBJC_IMPLICIT_RETAIN_SELF = YES;
				CLANG_WARN_OBJC_LITERAL_CONVERSION = YES;
				CLANG_WARN_OBJC_ROOT_CLASS = YES_ERROR;
				CLANG_WARN_RANGE_LOOP_ANALYSIS = YES;
				CLANG_WARN_STRICT_PROTOTYPES = YES;
				CLANG_WARN_SUSPICIOUS_MOVE = YES;
				CLANG_WARN_UNREACHABLE_CODE = YES;
				CLANG_WARN__DUPLICATE_METHOD_MATCH = YES;
				"CODE_SIGN_IDENTITY[sdk=iphoneos*]" = "iPhone Developer";
				COPY_PHASE_STRIP = NO;
				DEBUG_INFORMATION_FORMAT = "dwarf-with-dsym";
				ENABLE_NS_ASSERTIONS = NO;
				ENABLE_STRICT_OBJC_MSGSEND = YES;
				GCC_C_LANGUAGE_STANDARD = gnu99;
				GCC_NO_COMMON_BLOCKS = YES;
				GCC_WARN_64_TO_32_BIT_CONVERSION = YES;
				GCC_WARN_ABOUT_RETURN_TYPE = YES_ERROR;
				GCC_WARN_UNDECLARED_SELECTOR = YES;
				GCC_WARN_UNINITIALIZED_AUTOS = YES_AGGRESSIVE;
				GCC_WARN_UNUSED_FUNCTION = YES;
				GCC_WARN_UNUSED_VARIABLE = YES;
				IPHONEOS_DEPLOYMENT_TARGET = 12.0;
				MTL_ENABLE_DEBUG_INFO = NO;
				SDKROOT = iphoneos;
				SWIFT_OPTIMIZATION_LEVEL = "-Owholemodule";
				SWIFT_VERSION = 4.2;
				TARGETED_DEVICE_FAMILY = "1,2";
				VALIDATE_PRODUCT = YES;
			};
			name = Release;
		};
		7AA677241CFF765600B353FB /* Debug */ = {
			isa = XCBuildConfiguration;
			baseConfigurationReference = AE305C0B008EE39D6642D3F9 /* Pods-Token.debug.xcconfig */;
			buildSettings = {
				ASSETCATALOG_COMPILER_APPICON_NAME = AppIcon;
				CLANG_ENABLE_MODULES = YES;
				CODE_SIGN_IDENTITY = "iPhone Developer";
				DEVELOPMENT_TEAM = FF5U9PUXAT;
				INFOPLIST_FILE = "$(SRCROOT)/Token-iOS/Info.plist";
				IPHONEOS_DEPLOYMENT_TARGET = 12.0;
				LD_RUNPATH_SEARCH_PATHS = "$(inherited) @executable_path/Frameworks";
				PRODUCT_BUNDLE_IDENTIFIER = "com.token.Token-iOS";
				PRODUCT_NAME = "$(TARGET_NAME)";
				PROVISIONING_PROFILE_SPECIFIER = "";
				SDKROOT = iphoneos;
				SWIFT_OPTIMIZATION_LEVEL = "-Onone";
				SWIFT_VERSION = 4.2;
				TARGETED_DEVICE_FAMILY = "1,2";
			};
			name = Debug;
		};
		7AA677251CFF765600B353FB /* Release */ = {
			isa = XCBuildConfiguration;
			baseConfigurationReference = AEE2E03196DB7E7C9A3AA632 /* Pods-Token.release.xcconfig */;
			buildSettings = {
				ASSETCATALOG_COMPILER_APPICON_NAME = AppIcon;
				CLANG_ENABLE_MODULES = YES;
				CODE_SIGN_IDENTITY = "iPhone Developer";
				DEVELOPMENT_TEAM = FF5U9PUXAT;
				INFOPLIST_FILE = "$(SRCROOT)/Token-iOS/Info.plist";
				IPHONEOS_DEPLOYMENT_TARGET = 12.0;
				LD_RUNPATH_SEARCH_PATHS = "$(inherited) @executable_path/Frameworks";
				PRODUCT_BUNDLE_IDENTIFIER = "com.token.Token-iOS";
				PRODUCT_NAME = "$(TARGET_NAME)";
				PROVISIONING_PROFILE_SPECIFIER = "";
				SDKROOT = iphoneos;
				SWIFT_VERSION = 4.2;
				TARGETED_DEVICE_FAMILY = "1,2";
			};
			name = Release;
		};
/* End XCBuildConfiguration section */

/* Begin XCConfigurationList section */
		7AA6770C1CFF765500B353FB /* Build configuration list for PBXProject "Token-iOS" */ = {
			isa = XCConfigurationList;
			buildConfigurations = (
				7AA677211CFF765600B353FB /* Debug */,
				7AA677221CFF765600B353FB /* Release */,
			);
			defaultConfigurationIsVisible = 0;
			defaultConfigurationName = Release;
		};
		7AA677231CFF765600B353FB /* Build configuration list for PBXNativeTarget "Token" */ = {
			isa = XCConfigurationList;
			buildConfigurations = (
				7AA677241CFF765600B353FB /* Debug */,
				7AA677251CFF765600B353FB /* Release */,
			);
			defaultConfigurationIsVisible = 0;
			defaultConfigurationName = Release;
		};
/* End XCConfigurationList section */
	};
	rootObject = 7AA677091CFF765500B353FB /* Project object */;
}
